
Microsoft Visual Studio Solution File, Format Version 12.00
# Visual Studio 15
VisualStudioVersion = 15.0.27004.2005
MinimumVisualStudioVersion = 10.0.40219.1
Project("{9A19103F-16F7-4668-BE54-9A1E7A4F7556}") = "AnagramFinder", "AnagramFinder\AnagramFinder.csproj", "{7AAAE502-40FE-4C40-A532-E98D89D16F55}"
EndProject
Project("{9A19103F-16F7-4668-BE54-9A1E7A4F7556}") = "AnagramFinderTest", "AnagramFinderTest\AnagramFinderTest.csproj", "{1EC0FBF8-C7F9-4E69-BCC9-73101818C334}"
EndProject
Project("{FAE04EC0-301F-11D3-BF4B-00C04F79EFBC}") = "AnagramFinderRemake.cs", "AnagramFinderRemake.cs\AnagramFinderRemake.cs.csproj", "{F27A4D30-E13F-411E-9D27-0606B131E9D1}"
EndProject
Global
	GlobalSection(SolutionConfigurationPlatforms) = preSolution
		Debug|Any CPU = Debug|Any CPU
		Release|Any CPU = Release|Any CPU
	EndGlobalSection
	GlobalSection(ProjectConfigurationPlatforms) = postSolution
		{7AAAE502-40FE-4C40-A532-E98D89D16F55}.Debug|Any CPU.ActiveCfg = Debug|Any CPU
		{7AAAE502-40FE-4C40-A532-E98D89D16F55}.Debug|Any CPU.Build.0 = Debug|Any CPU
		{7AAAE502-40FE-4C40-A532-E98D89D16F55}.Release|Any CPU.ActiveCfg = Release|Any CPU
		{7AAAE502-40FE-4C40-A532-E98D89D16F55}.Release|Any CPU.Build.0 = Release|Any CPU
		{1EC0FBF8-C7F9-4E69-BCC9-73101818C334}.Debug|Any CPU.ActiveCfg = Debug|Any CPU
		{1EC0FBF8-C7F9-4E69-BCC9-73101818C334}.Debug|Any CPU.Build.0 = Debug|Any CPU
		{1EC0FBF8-C7F9-4E69-BCC9-73101818C334}.Release|Any CPU.ActiveCfg = Release|Any CPU
		{1EC0FBF8-C7F9-4E69-BCC9-73101818C334}.Release|Any CPU.Build.0 = Release|Any CPU
		{F27A4D30-E13F-411E-9D27-0606B131E9D1}.Debug|Any CPU.ActiveCfg = Debug|Any CPU
		{F27A4D30-E13F-411E-9D27-0606B131E9D1}.Debug|Any CPU.Build.0 = Debug|Any CPU
		{F27A4D30-E13F-411E-9D27-0606B131E9D1}.Release|Any CPU.ActiveCfg = Release|Any CPU
		{F27A4D30-E13F-411E-9D27-0606B131E9D1}.Release|Any CPU.Build.0 = Release|Any CPU
	EndGlobalSection
	GlobalSection(SolutionProperties) = preSolution
		HideSolutionNode = FALSE
	EndGlobalSection
	GlobalSection(ExtensibilityGlobals) = postSolution
		SolutionGuid = {43DCD7E7-99E7-4BE0-9B06-7FA4C11A14D3}
	EndGlobalSection
EndGlobal
